{
    "name": "tildeteam-css",
    "version": "1.0.0",
    "lockfileVersion": 1,
    "requires": true,
    "dependencies": {
        "@ibm/type": {
            "version": "0.5.3",
            "resolved": "https://registry.npmjs.org/@ibm/type/-/type-0.5.3.tgz",
            "integrity": "sha512-9DcOUoaHQKRsMWyshK8CpFdiVd9oQPvd1AsZKIP/tiXmgJtR4wOz0M8j/FbPaI3UeKnMjjzmvuOn/YBTFDWdiw=="
        },
        "bootstrap": {
            "version": "4.0.0",
            "resolved": "https://registry.npmjs.org/bootstrap/-/bootstrap-4.0.0.tgz",
            "integrity": "sha512-gulJE5dGFo6Q61V/whS6VM4WIyrlydXfCgkE+Gxe5hjrJ8rXLLZlALq7zq2RPhOc45PSwQpJkrTnc2KgD6cvmA=="
        }
    }
}
